{
  "name": "defi-chart-builder",
  "version": "0.0.0",
  "lockfileVersion": 3,
  "requires": true,
  "packages": {
    "": {
      "name": "defi-chart-builder",
      "version": "0.0.0",
      "dependencies": {
        "@defillama/api": "^0.1.0"
      },
      "engines": {
        "node": ">=18.0.0"
      }
    },
    "node_modules/@defillama/api": {
      "version": "0.1.0",
      "resolved": "https://registry.npmjs.org/@defillama/api/-/api-0.1.0.tgz",
      "integrity": "sha512-KKGb0yuPfbOlDA8tb38VZXJ4iNG3PLap13wP76muzE4PIhWvB/ypuieX5kCLShI4+CMITsn9rKyxT78X01wp0A==",
      "license": "MIT",
      "engines": {
        "node": ">=18.0.0"
      }
    }
  }
}
